
Microsoft Visual Studio Solution File, Format Version 12.00
# Visual Studio Version 17
VisualStudioVersion = 17.9.34728.123
MinimumVisualStudioVersion = 10.0.40219.1
Project("{9A19103F-16F7-4668-BE54-9A1E7A4F7556}") = "Exchange.WpfApp", "Net1810_212_1_Exchange_Rebuid\Exchange.WpfApp.csproj", "{EDC80756-2367-4049-BAF0-3FB74D902254}"
EndProject
Project("{9A19103F-16F7-4668-BE54-9A1E7A4F7556}") = "Exchange.Data", "Exchange.Data\Exchange.Data.csproj", "{E3F5ADFE-F7B5-40F3-A196-A22C50866CC4}"
EndProject
Project("{9A19103F-16F7-4668-BE54-9A1E7A4F7556}") = "Exchange.Common", "Exchange.Common\Exchange.Common.csproj", "{CA5475BD-A048-4B50-8194-4A0A5F3DE8B0}"
EndProject
Project("{9A19103F-16F7-4668-BE54-9A1E7A4F7556}") = "Exchange.Business", "Exchange.Business\Exchange.Business.csproj", "{49FF1806-3C26-44F0-9B60-CE2D5451D9B4}"
EndProject
Global
	GlobalSection(SolutionConfigurationPlatforms) = preSolution
		Debug|Any CPU = Debug|Any CPU
		Release|Any CPU = Release|Any CPU
	EndGlobalSection
	GlobalSection(ProjectConfigurationPlatforms) = postSolution
		{EDC80756-2367-4049-BAF0-3FB74D902254}.Debug|Any CPU.ActiveCfg = Debug|Any CPU
		{EDC80756-2367-4049-BAF0-3FB74D902254}.Debug|Any CPU.Build.0 = Debug|Any CPU
		{EDC80756-2367-4049-BAF0-3FB74D902254}.Release|Any CPU.ActiveCfg = Release|Any CPU
		{EDC80756-2367-4049-BAF0-3FB74D902254}.Release|Any CPU.Build.0 = Release|Any CPU
		{E3F5ADFE-F7B5-40F3-A196-A22C50866CC4}.Debug|Any CPU.ActiveCfg = Debug|Any CPU
		{E3F5ADFE-F7B5-40F3-A196-A22C50866CC4}.Debug|Any CPU.Build.0 = Debug|Any CPU
		{E3F5ADFE-F7B5-40F3-A196-A22C50866CC4}.Release|Any CPU.ActiveCfg = Release|Any CPU
		{E3F5ADFE-F7B5-40F3-A196-A22C50866CC4}.Release|Any CPU.Build.0 = Release|Any CPU
		{CA5475BD-A048-4B50-8194-4A0A5F3DE8B0}.Debug|Any CPU.ActiveCfg = Debug|Any CPU
		{CA5475BD-A048-4B50-8194-4A0A5F3DE8B0}.Debug|Any CPU.Build.0 = Debug|Any CPU
		{CA5475BD-A048-4B50-8194-4A0A5F3DE8B0}.Release|Any CPU.ActiveCfg = Release|Any CPU
		{CA5475BD-A048-4B50-8194-4A0A5F3DE8B0}.Release|Any CPU.Build.0 = Release|Any CPU
		{49FF1806-3C26-44F0-9B60-CE2D5451D9B4}.Debug|Any CPU.ActiveCfg = Debug|Any CPU
		{49FF1806-3C26-44F0-9B60-CE2D5451D9B4}.Debug|Any CPU.Build.0 = Debug|Any CPU
		{49FF1806-3C26-44F0-9B60-CE2D5451D9B4}.Release|Any CPU.ActiveCfg = Release|Any CPU
		{49FF1806-3C26-44F0-9B60-CE2D5451D9B4}.Release|Any CPU.Build.0 = Release|Any CPU
	EndGlobalSection
	GlobalSection(SolutionProperties) = preSolution
		HideSolutionNode = FALSE
	EndGlobalSection
	GlobalSection(ExtensibilityGlobals) = postSolution
		SolutionGuid = {63D33A70-0FBE-44DA-83AC-7DC71E8766C7}
	EndGlobalSection
EndGlobal
